// !$*UTF8*$!
{
	archiveVersion = 1;
	classes = {
	};
	objectVersion = 46;
	objects = {

/* Begin PBXBuildFile section */
		003942F48423DC1AF5A8FB9A /* FBSDKCoreKit.framework in Frameworks */ = {isa = PBXBuildFile; fileRef = 2F724FD689E4495BE7C97860 /* FBSDKCoreKit.framework */; };
		04D24FD9A4492FEA9F73A513 /* CoreData.framework in Frameworks */ = {isa = PBXBuildFile; fileRef = 4ABA4773AECE5D3AAC3978A1 /* CoreData.framework */; };
		0A864CBDBB1495CDC88E6A31 /* PluginGoogleAnalytics.framework in Frameworks */ = {isa = PBXBuildFile; fileRef = A41A43D3A76985272FC11149 /* PluginGoogleAnalytics.framework */; };
		0FB648E1B59BA88ADAD13504 /* MobileCoreServices.framework in Frameworks */ = {isa = PBXBuildFile; fileRef = C98B48ECB6C9B21D16D213F0 /* MobileCoreServices.framework */; };
		183945A3B826E10F38975C57 /* PluginKochava.framework in Frameworks */ = {isa = PBXBuildFile; fileRef = 791D49BC9C5264AAEDC4B223 /* PluginKochava.framework */; };
		1A824AC48DBA4668F5136D43 /* Social.framework in Frameworks */ = {isa = PBXBuildFile; fileRef = 6E8F47F386721C430C6FC941 /* Social.framework */; };
		1D60589F0D05DD5A006BFB54 /* Foundation.framework in Frameworks */ = {isa = PBXBuildFile; fileRef = 1D30AB110D05D00D00671497 /* Foundation.framework */; };
		1DF5F4E00D08C38300B7A737 /* UIKit.framework in Frameworks */ = {isa = PBXBuildFile; fileRef = 1DF5F4DF0D08C38300B7A737 /* UIKit.framework */; };
		1E2446B7A999BED52744973F /* libcocos2d iOS.a in Frameworks */ = {isa = PBXBuildFile; fileRef = BCD74A149DC46B8ADD65DD04 /* libcocos2d iOS.a */; };
		1FF44B0E8E0A299D96F0232A /* libsqlite3.dylib in Frameworks */ = {isa = PBXBuildFile; fileRef = F1574D4DB615C1BFA71F8B3C /* libsqlite3.dylib */; };
		21E243039CB76CECE64C2B20 /* libz.1.2.5.dylib in Frameworks */ = {isa = PBXBuildFile; fileRef = 8B98479A86DD2F6D5E2826EF /* libz.1.2.5.dylib */; };
		24B04EB883D86C3E571301B0 /* MediaPlayer.framework in Frameworks */ = {isa = PBXBuildFile; fileRef = CFE849F18AA014E2D9C126CC /* MediaPlayer.framework */; };
		288765A50DF7441C002DB57D /* CoreGraphics.framework in Frameworks */ = {isa = PBXBuildFile; fileRef = 288765A40DF7441C002DB57D /* CoreGraphics.framework */; };
		28F4433ABF8C17F948222876 /* iAd.framework in Frameworks */ = {isa = PBXBuildFile; fileRef = 890642F9A94E06C8181F8180 /* iAd.framework */; };
		2D694ED1A9D76EAF0CE7054B /* PluginChartboost.framework in Frameworks */ = {isa = PBXBuildFile; fileRef = 7DD4477486F0A63E67032FE0 /* PluginChartboost.framework */; };
		306A46EDA078A9D19A9F3828 /* PluginVungle.framework in Frameworks */ = {isa = PBXBuildFile; fileRef = 2DD14866BFA3CB8D3A565AEE /* PluginVungle.framework */; };
		30BD4AD0A76B2F0020E0720C /* sdkbox_config.json in Resources */ = {isa = PBXBuildFile; fileRef = C4444F29B08D0B76A855C0CD /* sdkbox_config.json */; };
		33C9494DB2E67A878ECD1A0C /* res in Resources */ = {isa = PBXBuildFile; fileRef = 7EEE4C20BD063D34B734081E /* res */; };
		34364505818A60F06C680F6B /* FBSDKShareKit.framework in Frameworks */ = {isa = PBXBuildFile; fileRef = A3D24FC4B28BA61464587604 /* FBSDKShareKit.framework */; };
		35DF4455A8DDD4E6C480940E /* CFNetwork.framework in Frameworks */ = {isa = PBXBuildFile; fileRef = 5BBF4E79889EDEAEDB423ED3 /* CFNetwork.framework */; };
		394945E48A2C9DDA92209279 /* WebKit.framework in Frameworks */ = {isa = PBXBuildFile; fileRef = 85924B01B1EE8B5D5D0F52B3 /* WebKit.framework */; };
		3B1C440F9D8D42B207CF2A0F /* MediaPlayer.framework in Frameworks */ = {isa = PBXBuildFile; fileRef = CFE849F18AA014E2D9C126CC /* MediaPlayer.framework */; };
		3BCF4EFD80CD57D52D8BEF95 /* CoreTelephony.framework in Frameworks */ = {isa = PBXBuildFile; fileRef = FB8148BC9C1C1A963040B9F1 /* CoreTelephony.framework */; };
		41984F67B85E1B57CB1DF40A /* res in Resources */ = {isa = PBXBuildFile; fileRef = 7EEE4C20BD063D34B734081E /* res */; };
		438A406D8C2D25F49F3FE1F1 /* CoreLocation.framework in Frameworks */ = {isa = PBXBuildFile; fileRef = F1F840309D7328DA46C8C540 /* CoreLocation.framework */; };
		43C44302BBAEDE7A3BEABC66 /* EventKitUI.framework in Frameworks */ = {isa = PBXBuildFile; fileRef = 4FEC41B6887C7B4776AA6EC4 /* EventKitUI.framework */; };
		44084E93877F9414B3C3892D /* PluginIAP.framework in Frameworks */ = {isa = PBXBuildFile; fileRef = 9F544443B9E153E07908358D /* PluginIAP.framework */; };
		44924C6F8C49E984A6AEE711 /* MobileCoreServices.framework in Frameworks */ = {isa = PBXBuildFile; fileRef = C98B48ECB6C9B21D16D213F0 /* MobileCoreServices.framework */; };
		46880B8819C43A87006E1F66 /* AppDelegate.cpp in Sources */ = {isa = PBXBuildFile; fileRef = 46880B8419C43A87006E1F66 /* AppDelegate.cpp */; };
		46880B8919C43A87006E1F66 /* AppDelegate.cpp in Sources */ = {isa = PBXBuildFile; fileRef = 46880B8419C43A87006E1F66 /* AppDelegate.cpp */; };
		46880B8A19C43A87006E1F66 /* HelloWorldScene.cpp in Sources */ = {isa = PBXBuildFile; fileRef = 46880B8619C43A87006E1F66 /* HelloWorldScene.cpp */; };
		46880B8B19C43A87006E1F66 /* HelloWorldScene.cpp in Sources */ = {isa = PBXBuildFile; fileRef = 46880B8619C43A87006E1F66 /* HelloWorldScene.cpp */; };
		471C4A3190F639845A3F3DE9 /* EventKit.framework in Frameworks */ = {isa = PBXBuildFile; fileRef = 362842229A74F63799981B8C /* EventKit.framework */; };
		49BF43CD8E2277C167055E84 /* CoreTelephony.framework in Frameworks */ = {isa = PBXBuildFile; fileRef = FB8148BC9C1C1A963040B9F1 /* CoreTelephony.framework */; };
		49E64307B6E47C55B42BF4FB /* PluginFlurryAnalytics.framework in Frameworks */ = {isa = PBXBuildFile; fileRef = 28AE4354918C89FA44CE9795 /* PluginFlurryAnalytics.framework */; };
		4B55404490C360371B2D3D66 /* CFNetwork.framework in Frameworks */ = {isa = PBXBuildFile; fileRef = 5BBF4E79889EDEAEDB423ED3 /* CFNetwork.framework */; };
		4CFA4D438F1AA25AB33A646D /* PluginKochava.framework in Frameworks */ = {isa = PBXBuildFile; fileRef = 791D49BC9C5264AAEDC4B223 /* PluginKochava.framework */; };
		50354D3094C6F5437CFC7465 /* CoreData.framework in Frameworks */ = {isa = PBXBuildFile; fileRef = 4ABA4773AECE5D3AAC3978A1 /* CoreData.framework */; };
		503AE0F817EB97AB00D1A890 /* Icon.icns in Resources */ = {isa = PBXBuildFile; fileRef = 503AE0F617EB97AB00D1A890 /* Icon.icns */; };
		503AE10017EB989F00D1A890 /* AppController.mm in Sources */ = {isa = PBXBuildFile; fileRef = 503AE0FB17EB989F00D1A890 /* AppController.mm */; };
		503AE10117EB989F00D1A890 /* main.m in Sources */ = {isa = PBXBuildFile; fileRef = 503AE0FC17EB989F00D1A890 /* main.m */; };
		503AE10217EB989F00D1A890 /* RootViewController.mm in Sources */ = {isa = PBXBuildFile; fileRef = 503AE0FF17EB989F00D1A890 /* RootViewController.mm */; };
		503AE10517EB98FF00D1A890 /* main.cpp in Sources */ = {isa = PBXBuildFile; fileRef = 503AE10317EB98FF00D1A890 /* main.cpp */; };
		503AE11B17EB9C5A00D1A890 /* IOKit.framework in Frameworks */ = {isa = PBXBuildFile; fileRef = 503AE11A17EB9C5A00D1A890 /* IOKit.framework */; };
		5087E76317EB910900C73F5D /* Foundation.framework in Frameworks */ = {isa = PBXBuildFile; fileRef = 1D30AB110D05D00D00671497 /* Foundation.framework */; };
		5087E76717EB910900C73F5D /* libz.dylib in Frameworks */ = {isa = PBXBuildFile; fileRef = BF170DB412928DE900B8313A /* libz.dylib */; };
		5087E76817EB910900C73F5D /* QuartzCore.framework in Frameworks */ = {isa = PBXBuildFile; fileRef = BF1C47EA1293683800B63C5D /* QuartzCore.framework */; };
		5087E76917EB910900C73F5D /* OpenAL.framework in Frameworks */ = {isa = PBXBuildFile; fileRef = D44C620B132DFF330009C878 /* OpenAL.framework */; };
		5087E76A17EB910900C73F5D /* AVFoundation.framework in Frameworks */ = {isa = PBXBuildFile; fileRef = D44C620D132DFF430009C878 /* AVFoundation.framework */; };
		5087E76B17EB910900C73F5D /* AudioToolbox.framework in Frameworks */ = {isa = PBXBuildFile; fileRef = D44C620F132DFF4E0009C878 /* AudioToolbox.framework */; };
		5087E77D17EB970100C73F5D /* Default-568h@2x.png in Resources */ = {isa = PBXBuildFile; fileRef = 5087E77217EB970100C73F5D /* Default-568h@2x.png */; };
		5087E77E17EB970100C73F5D /* Default.png in Resources */ = {isa = PBXBuildFile; fileRef = 5087E77317EB970100C73F5D /* Default.png */; };
		5087E77F17EB970100C73F5D /* Default@2x.png in Resources */ = {isa = PBXBuildFile; fileRef = 5087E77417EB970100C73F5D /* Default@2x.png */; };
		5087E78017EB970100C73F5D /* Icon-114.png in Resources */ = {isa = PBXBuildFile; fileRef = 5087E77517EB970100C73F5D /* Icon-114.png */; };
		5087E78117EB970100C73F5D /* Icon-120.png in Resources */ = {isa = PBXBuildFile; fileRef = 5087E77617EB970100C73F5D /* Icon-120.png */; };
		5087E78217EB970100C73F5D /* Icon-144.png in Resources */ = {isa = PBXBuildFile; fileRef = 5087E77717EB970100C73F5D /* Icon-144.png */; };
		5087E78317EB970100C73F5D /* Icon-152.png in Resources */ = {isa = PBXBuildFile; fileRef = 5087E77817EB970100C73F5D /* Icon-152.png */; };
		5087E78417EB970100C73F5D /* Icon-57.png in Resources */ = {isa = PBXBuildFile; fileRef = 5087E77917EB970100C73F5D /* Icon-57.png */; };
		5087E78517EB970100C73F5D /* Icon-72.png in Resources */ = {isa = PBXBuildFile; fileRef = 5087E77A17EB970100C73F5D /* Icon-72.png */; };
		5087E78617EB970100C73F5D /* Icon-76.png in Resources */ = {isa = PBXBuildFile; fileRef = 5087E77B17EB970100C73F5D /* Icon-76.png */; };
		5087E78917EB974C00C73F5D /* AppKit.framework in Frameworks */ = {isa = PBXBuildFile; fileRef = 5087E78817EB974C00C73F5D /* AppKit.framework */; };
		5087E78B17EB975400C73F5D /* OpenGL.framework in Frameworks */ = {isa = PBXBuildFile; fileRef = 5087E78A17EB975400C73F5D /* OpenGL.framework */; };
		50EF629617ECD46A001EB2F8 /* Icon-40.png in Resources */ = {isa = PBXBuildFile; fileRef = 50EF629217ECD46A001EB2F8 /* Icon-40.png */; };
		50EF629717ECD46A001EB2F8 /* Icon-58.png in Resources */ = {isa = PBXBuildFile; fileRef = 50EF629317ECD46A001EB2F8 /* Icon-58.png */; };
		50EF629817ECD46A001EB2F8 /* Icon-80.png in Resources */ = {isa = PBXBuildFile; fileRef = 50EF629417ECD46A001EB2F8 /* Icon-80.png */; };
		50EF629917ECD46A001EB2F8 /* Icon-100.png in Resources */ = {isa = PBXBuildFile; fileRef = 50EF629517ECD46A001EB2F8 /* Icon-100.png */; };
		50EF62A217ECD613001EB2F8 /* Icon-29.png in Resources */ = {isa = PBXBuildFile; fileRef = 50EF62A017ECD613001EB2F8 /* Icon-29.png */; };
		50EF62A317ECD613001EB2F8 /* Icon-50.png in Resources */ = {isa = PBXBuildFile; fileRef = 50EF62A117ECD613001EB2F8 /* Icon-50.png */; };
		521A8E6419F0C34300D177D7 /* Default-667h@2x.png in Resources */ = {isa = PBXBuildFile; fileRef = 521A8E6219F0C34300D177D7 /* Default-667h@2x.png */; };
		521A8E6519F0C34300D177D7 /* Default-736h@3x.png in Resources */ = {isa = PBXBuildFile; fileRef = 521A8E6319F0C34300D177D7 /* Default-736h@3x.png */; };
		52B47A471A53D09C004E4C60 /* Security.framework in Frameworks */ = {isa = PBXBuildFile; fileRef = 52B47A461A53D09B004E4C60 /* Security.framework */; };
		52D249B3807B43FFE0B95FCF /* CoreLocation.framework in Frameworks */ = {isa = PBXBuildFile; fileRef = F1F840309D7328DA46C8C540 /* CoreLocation.framework */; };
		584D43CE9456CB801B03D9D1 /* PluginChartboost.framework in Frameworks */ = {isa = PBXBuildFile; fileRef = 7DD4477486F0A63E67032FE0 /* PluginChartboost.framework */; };
		5BD446329B0273D38B947E1B /* AdSupport.framework in Frameworks */ = {isa = PBXBuildFile; fileRef = 39FA4B79A99EB1196B2A7759 /* AdSupport.framework */; };
		62D04C4DA3F32FB26DF45A06 /* VungleSDK.framework in Frameworks */ = {isa = PBXBuildFile; fileRef = CE7543EEA0FA526FD2C8AD98 /* VungleSDK.framework */; };
		631343FFBF8A2C0A0D435288 /* FBSDKShareKit.framework in Frameworks */ = {isa = PBXBuildFile; fileRef = A3D24FC4B28BA61464587604 /* FBSDKShareKit.framework */; };
		634B4230B7C9E78B1E0A60AC /* PluginAdColony.framework in Frameworks */ = {isa = PBXBuildFile; fileRef = 5936444C96B8743FDD2DFE29 /* PluginAdColony.framework */; };
		64184ACD9F5034987FF5E472 /* PluginVungle.framework in Frameworks */ = {isa = PBXBuildFile; fileRef = 2DD14866BFA3CB8D3A565AEE /* PluginVungle.framework */; };
		65294E9895D14F48381DBC2B /* WebKit.framework in Frameworks */ = {isa = PBXBuildFile; fileRef = 85924B01B1EE8B5D5D0F52B3 /* WebKit.framework */; };
		672C458D9D5F5C7366D98630 /* MessageUI.framework in Frameworks */ = {isa = PBXBuildFile; fileRef = 6E1E45DD9C3AA521968A7067 /* MessageUI.framework */; };
		67AA40068A83D6452E62680A /* AdColony.framework in Frameworks */ = {isa = PBXBuildFile; fileRef = D2604D98B34ECCB86492AEA3 /* AdColony.framework */; };
		684041139298A7884A27CD7D /* FBSDKLoginKit.framework in Frameworks */ = {isa = PBXBuildFile; fileRef = D6AB4E49BE0538824D101F46 /* FBSDKLoginKit.framework */; };
		772E45A5AD2554435DAE5D06 /* StoreKit.framework in Frameworks */ = {isa = PBXBuildFile; fileRef = 35E3450D96FC9241F990A328 /* StoreKit.framework */; };
		79B846B99FFAEA613881D09A /* PluginAgeCheq.framework in Frameworks */ = {isa = PBXBuildFile; fileRef = D1954DFDA188879B8EAB9707 /* PluginAgeCheq.framework */; };
		7D4845C39A3AA5F817392453 /* Chartboost.framework in Frameworks */ = {isa = PBXBuildFile; fileRef = 38D54F92B90DA04D8F0BB4AC /* Chartboost.framework */; };
		8262943E1AAF051F00CB7CF7 /* Security.framework in Frameworks */ = {isa = PBXBuildFile; fileRef = 8262943D1AAF051F00CB7CF7 /* Security.framework */; };
		87D34250A9CF9F8B8851F9F7 /* PluginFacebook.framework in Frameworks */ = {isa = PBXBuildFile; fileRef = 667B448D8DDAB6E487AC5A50 /* PluginFacebook.framework */; };
		90E84280B67CA9A1DC4C4B03 /* Social.framework in Frameworks */ = {isa = PBXBuildFile; fileRef = 6E8F47F386721C430C6FC941 /* Social.framework */; };
		92AD4A12891CDB4DFB41F89E /* StoreKit.framework in Frameworks */ = {isa = PBXBuildFile; fileRef = 35E3450D96FC9241F990A328 /* StoreKit.framework */; };
		95C993861B943C9600EFA80C /* MyPluginsMgr.cpp in Sources */ = {isa = PBXBuildFile; fileRef = 95C993851B943C9600EFA80C /* MyPluginsMgr.cpp */; };
		9A1C417CA91EBB1474CE8928 /* libz.1.2.5.dylib in Frameworks */ = {isa = PBXBuildFile; fileRef = 8B98479A86DD2F6D5E2826EF /* libz.1.2.5.dylib */; };
		9B7541359559C0696DFAA124 /* PluginFlurryAnalytics.framework in Frameworks */ = {isa = PBXBuildFile; fileRef = 28AE4354918C89FA44CE9795 /* PluginFlurryAnalytics.framework */; };
		A0E0446CBD24C3315D268DFA /* libcocos2d Mac.a in Frameworks */ = {isa = PBXBuildFile; fileRef = DD0E441CA891805BCDF81F27 /* libcocos2d Mac.a */; };
		A0F2402BB1AA67012DEB983C /* MessageUI.framework in Frameworks */ = {isa = PBXBuildFile; fileRef = 6E1E45DD9C3AA521968A7067 /* MessageUI.framework */; };
		A33E4CEA91EB8D5B224BA730 /* VungleSDK.framework in Frameworks */ = {isa = PBXBuildFile; fileRef = CE7543EEA0FA526FD2C8AD98 /* VungleSDK.framework */; };
		AD2E4A70A54B6A839B3DD7E9 /* PluginFacebook.framework in Frameworks */ = {isa = PBXBuildFile; fileRef = 667B448D8DDAB6E487AC5A50 /* PluginFacebook.framework */; };
		B10D4A3FB4A3E7452D575439 /* SystemConfiguration.framework in Frameworks */ = {isa = PBXBuildFile; fileRef = BF2347E4A20E2904EFEFAFB7 /* SystemConfiguration.framework */; };
		B28948118A6418624D24972A /* iAd.framework in Frameworks */ = {isa = PBXBuildFile; fileRef = 890642F9A94E06C8181F8180 /* iAd.framework */; };
		BD154B22BE7DED9764952C62 /* sdkbox_config.json in Resources */ = {isa = PBXBuildFile; fileRef = C4444F29B08D0B76A855C0CD /* sdkbox_config.json */; };
		BF171245129291EC00B8313A /* OpenGLES.framework in Frameworks */ = {isa = PBXBuildFile; fileRef = BF170DB012928DE900B8313A /* OpenGLES.framework */; };
		BF1712471292920000B8313A /* libz.dylib in Frameworks */ = {isa = PBXBuildFile; fileRef = BF170DB412928DE900B8313A /* libz.dylib */; };
		BF1C47F01293687400B63C5D /* QuartzCore.framework in Frameworks */ = {isa = PBXBuildFile; fileRef = BF1C47EA1293683800B63C5D /* QuartzCore.framework */; };
		C0454F21B10055AABDA56E5F /* EventKit.framework in Frameworks */ = {isa = PBXBuildFile; fileRef = 362842229A74F63799981B8C /* EventKit.framework */; };
		C32145D1BBD2EC218C2A6253 /* PluginGoogleAnalytics.framework in Frameworks */ = {isa = PBXBuildFile; fileRef = A41A43D3A76985272FC11149 /* PluginGoogleAnalytics.framework */; };
		C3774D41A92F523B3F2BA142 /* EventKitUI.framework in Frameworks */ = {isa = PBXBuildFile; fileRef = 4FEC41B6887C7B4776AA6EC4 /* EventKitUI.framework */; };
		CA594E52B9DE81CD508F66F2 /* SystemConfiguration.framework in Frameworks */ = {isa = PBXBuildFile; fileRef = BF2347E4A20E2904EFEFAFB7 /* SystemConfiguration.framework */; };
		CC084E79A3CA6EC8F186B330 /* FBSDKCoreKit.framework in Frameworks */ = {isa = PBXBuildFile; fileRef = 2F724FD689E4495BE7C97860 /* FBSDKCoreKit.framework */; };
		CCA2458D808460BC9EDBCA65 /* AdSupport.framework in Frameworks */ = {isa = PBXBuildFile; fileRef = 39FA4B79A99EB1196B2A7759 /* AdSupport.framework */; };
		D1764476A827B5F3742DF186 /* sdkbox.framework in Frameworks */ = {isa = PBXBuildFile; fileRef = 2B15406B928F01BDA8C80662 /* sdkbox.framework */; };
		D44C620C132DFF330009C878 /* OpenAL.framework in Frameworks */ = {isa = PBXBuildFile; fileRef = D44C620B132DFF330009C878 /* OpenAL.framework */; };
		D44C620E132DFF430009C878 /* AVFoundation.framework in Frameworks */ = {isa = PBXBuildFile; fileRef = D44C620D132DFF430009C878 /* AVFoundation.framework */; };
		D44C6210132DFF4E0009C878 /* AudioToolbox.framework in Frameworks */ = {isa = PBXBuildFile; fileRef = D44C620F132DFF4E0009C878 /* AudioToolbox.framework */; };
		D62E4158B1E7B84F443C6DCC /* CoreMedia.framework in Frameworks */ = {isa = PBXBuildFile; fileRef = 6F064C29A1A5C69743BBDE65 /* CoreMedia.framework */; };
		D6B0611B1803AB670077942B /* CoreMotion.framework in Frameworks */ = {isa = PBXBuildFile; fileRef = D6B0611A1803AB670077942B /* CoreMotion.framework */; };
		D9C24A4AB0F56999DA4BF602 /* PluginTune.framework in Frameworks */ = {isa = PBXBuildFile; fileRef = 4033441CB866FE143D6B36E5 /* PluginTune.framework */; };
		DAC941D0936C80A4750FDF81 /* PluginIAP.framework in Frameworks */ = {isa = PBXBuildFile; fileRef = 9F544443B9E153E07908358D /* PluginIAP.framework */; };
		DC504AC583EF38A4CD48CC02 /* MobileAppTracker.framework in Frameworks */ = {isa = PBXBuildFile; fileRef = F6BA461A9D98974FEE252C2C /* MobileAppTracker.framework */; };
		DF8049F688CE6128066E7E87 /* sdkbox.framework in Frameworks */ = {isa = PBXBuildFile; fileRef = 2B15406B928F01BDA8C80662 /* sdkbox.framework */; };
		E38042F6A61D2701348726B8 /* CoreMedia.framework in Frameworks */ = {isa = PBXBuildFile; fileRef = 6F064C29A1A5C69743BBDE65 /* CoreMedia.framework */; };
		F1D143BB8CAC820F6B58FC7D /* libsqlite3.dylib in Frameworks */ = {isa = PBXBuildFile; fileRef = F1574D4DB615C1BFA71F8B3C /* libsqlite3.dylib */; };
		F1D748F5930B4BD4AAA99E62 /* PluginAgeCheq.framework in Frameworks */ = {isa = PBXBuildFile; fileRef = D1954DFDA188879B8EAB9707 /* PluginAgeCheq.framework */; };
		F53D4A389FF3A550E4857650 /* Chartboost.framework in Frameworks */ = {isa = PBXBuildFile; fileRef = 38D54F92B90DA04D8F0BB4AC /* Chartboost.framework */; };
		F55445D4A121462CA9C98F54 /* FBSDKLoginKit.framework in Frameworks */ = {isa = PBXBuildFile; fileRef = D6AB4E49BE0538824D101F46 /* FBSDKLoginKit.framework */; };
		F6DE4DFCA387DF48A653EF08 /* MobileAppTracker.framework in Frameworks */ = {isa = PBXBuildFile; fileRef = F6BA461A9D98974FEE252C2C /* MobileAppTracker.framework */; };
		F7144763B4C639543C0F8361 /* PluginTune.framework in Frameworks */ = {isa = PBXBuildFile; fileRef = 4033441CB866FE143D6B36E5 /* PluginTune.framework */; };
/* End PBXBuildFile section */

/* Begin PBXFileReference section */
		1ACB3243164770DE00914215 /* libcurl.a */ = {isa = PBXFileReference; lastKnownFileType = archive.ar; name = libcurl.a; path = ../../cocos2dx/platform/third_party/ios/libraries/libcurl.a; sourceTree = "<group>"; };
		1D30AB110D05D00D00671497 /* Foundation.framework */ = {isa = PBXFileReference; lastKnownFileType = wrapper.framework; name = Foundation.framework; path = System/Library/Frameworks/Foundation.framework; sourceTree = SDKROOT; };
		1D6058910D05DD3D006BFB54 /* sdkbox_func_test_cpp iOS.app */ = {isa = PBXFileReference; explicitFileType = wrapper.application; includeInIndex = 0; path = "sdkbox_func_test_cpp iOS.app"; sourceTree = BUILT_PRODUCTS_DIR; };
		1DF5F4DF0D08C38300B7A737 /* UIKit.framework */ = {isa = PBXFileReference; lastKnownFileType = wrapper.framework; name = UIKit.framework; path = System/Library/Frameworks/UIKit.framework; sourceTree = SDKROOT; };
		288765A40DF7441C002DB57D /* CoreGraphics.framework */ = {isa = PBXFileReference; lastKnownFileType = wrapper.framework; name = CoreGraphics.framework; path = System/Library/Frameworks/CoreGraphics.framework; sourceTree = SDKROOT; };
		28AE4354918C89FA44CE9795 /* PluginFlurryAnalytics.framework */ = {isa = PBXFileReference; lastKnownFileType = wrapper.framework; path = PluginFlurryAnalytics.framework; sourceTree = "<group>"; };
		2B15406B928F01BDA8C80662 /* sdkbox.framework */ = {isa = PBXFileReference; lastKnownFileType = wrapper.framework; path = sdkbox.framework; sourceTree = "<group>"; };
		2DD14866BFA3CB8D3A565AEE /* PluginVungle.framework */ = {isa = PBXFileReference; lastKnownFileType = wrapper.framework; path = PluginVungle.framework; sourceTree = "<group>"; };
		2F724FD689E4495BE7C97860 /* FBSDKCoreKit.framework */ = {isa = PBXFileReference; lastKnownFileType = wrapper.framework; path = FBSDKCoreKit.framework; sourceTree = "<group>"; };
		35E3450D96FC9241F990A328 /* StoreKit.framework */ = {isa = PBXFileReference; lastKnownFileType = wrapper.framework; name = StoreKit.framework; path = Platforms/iPhoneOS.platform/Developer/SDKs/iPhoneOS.sdk/System/Library/Frameworks/StoreKit.framework; sourceTree = DEVELOPER_DIR; };
		362842229A74F63799981B8C /* EventKit.framework */ = {isa = PBXFileReference; lastKnownFileType = wrapper.framework; name = EventKit.framework; path = Platforms/iPhoneOS.platform/Developer/SDKs/iPhoneOS.sdk/System/Library/Frameworks/EventKit.framework; sourceTree = DEVELOPER_DIR; };
		38D54F92B90DA04D8F0BB4AC /* Chartboost.framework */ = {isa = PBXFileReference; lastKnownFileType = wrapper.framework; path = Chartboost.framework; sourceTree = "<group>"; };
		39FA4B79A99EB1196B2A7759 /* AdSupport.framework */ = {isa = PBXFileReference; lastKnownFileType = wrapper.framework; name = AdSupport.framework; path = Platforms/iPhoneOS.platform/Developer/SDKs/iPhoneOS.sdk/System/Library/Frameworks/AdSupport.framework; sourceTree = DEVELOPER_DIR; };
		4033441CB866FE143D6B36E5 /* PluginTune.framework */ = {isa = PBXFileReference; lastKnownFileType = wrapper.framework; path = PluginTune.framework; sourceTree = "<group>"; };
		46880B8419C43A87006E1F66 /* AppDelegate.cpp */ = {isa = PBXFileReference; fileEncoding = 4; lastKnownFileType = sourcecode.cpp.cpp; path = AppDelegate.cpp; sourceTree = "<group>"; };
		46880B8519C43A87006E1F66 /* AppDelegate.h */ = {isa = PBXFileReference; fileEncoding = 4; lastKnownFileType = sourcecode.c.h; path = AppDelegate.h; sourceTree = "<group>"; };
		46880B8619C43A87006E1F66 /* HelloWorldScene.cpp */ = {isa = PBXFileReference; fileEncoding = 4; lastKnownFileType = sourcecode.cpp.cpp; path = HelloWorldScene.cpp; sourceTree = "<group>"; };
		46880B8719C43A87006E1F66 /* HelloWorldScene.h */ = {isa = PBXFileReference; fileEncoding = 4; lastKnownFileType = sourcecode.c.h; path = HelloWorldScene.h; sourceTree = "<group>"; };
		4ABA4773AECE5D3AAC3978A1 /* CoreData.framework */ = {isa = PBXFileReference; lastKnownFileType = wrapper.framework; name = CoreData.framework; path = Platforms/iPhoneOS.platform/Developer/SDKs/iPhoneOS.sdk/System/Library/Frameworks/CoreData.framework; sourceTree = DEVELOPER_DIR; };
		4FEC41B6887C7B4776AA6EC4 /* EventKitUI.framework */ = {isa = PBXFileReference; lastKnownFileType = wrapper.framework; name = EventKitUI.framework; path = Platforms/iPhoneOS.platform/Developer/SDKs/iPhoneOS.sdk/System/Library/Frameworks/EventKitUI.framework; sourceTree = DEVELOPER_DIR; };
		503AE0F617EB97AB00D1A890 /* Icon.icns */ = {isa = PBXFileReference; lastKnownFileType = image.icns; path = Icon.icns; sourceTree = "<group>"; };
		503AE0F717EB97AB00D1A890 /* Info.plist */ = {isa = PBXFileReference; fileEncoding = 4; lastKnownFileType = text.plist.xml; path = Info.plist; sourceTree = "<group>"; };
		503AE0FA17EB989F00D1A890 /* AppController.h */ = {isa = PBXFileReference; fileEncoding = 4; lastKnownFileType = sourcecode.c.h; name = AppController.h; path = ios/AppController.h; sourceTree = SOURCE_ROOT; };
		503AE0FB17EB989F00D1A890 /* AppController.mm */ = {isa = PBXFileReference; fileEncoding = 4; lastKnownFileType = sourcecode.cpp.objcpp; name = AppController.mm; path = ios/AppController.mm; sourceTree = SOURCE_ROOT; };
		503AE0FC17EB989F00D1A890 /* main.m */ = {isa = PBXFileReference; fileEncoding = 4; lastKnownFileType = sourcecode.c.objc; name = main.m; path = ios/main.m; sourceTree = SOURCE_ROOT; };
		503AE0FD17EB989F00D1A890 /* Prefix.pch */ = {isa = PBXFileReference; fileEncoding = 4; lastKnownFileType = sourcecode.c.h; name = Prefix.pch; path = ios/Prefix.pch; sourceTree = SOURCE_ROOT; };
		503AE0FE17EB989F00D1A890 /* RootViewController.h */ = {isa = PBXFileReference; fileEncoding = 4; lastKnownFileType = sourcecode.c.h; name = RootViewController.h; path = ios/RootViewController.h; sourceTree = SOURCE_ROOT; };
		503AE0FF17EB989F00D1A890 /* RootViewController.mm */ = {isa = PBXFileReference; fileEncoding = 4; lastKnownFileType = sourcecode.cpp.objcpp; name = RootViewController.mm; path = ios/RootViewController.mm; sourceTree = SOURCE_ROOT; };
		503AE10317EB98FF00D1A890 /* main.cpp */ = {isa = PBXFileReference; fileEncoding = 4; lastKnownFileType = sourcecode.cpp.cpp; name = main.cpp; path = mac/main.cpp; sourceTree = "<group>"; };
		503AE10417EB98FF00D1A890 /* Prefix.pch */ = {isa = PBXFileReference; fileEncoding = 4; lastKnownFileType = sourcecode.c.h; name = Prefix.pch; path = mac/Prefix.pch; sourceTree = "<group>"; };
		503AE11117EB99EE00D1A890 /* libcurl.dylib */ = {isa = PBXFileReference; lastKnownFileType = "compiled.mach-o.dylib"; name = libcurl.dylib; path = usr/lib/libcurl.dylib; sourceTree = SDKROOT; };
		503AE11A17EB9C5A00D1A890 /* IOKit.framework */ = {isa = PBXFileReference; lastKnownFileType = wrapper.framework; name = IOKit.framework; path = System/Library/Frameworks/IOKit.framework; sourceTree = SDKROOT; };
		5087E76F17EB910900C73F5D /* sdkbox_func_test_cpp Mac.app */ = {isa = PBXFileReference; explicitFileType = wrapper.application; includeInIndex = 0; path = "sdkbox_func_test_cpp Mac.app"; sourceTree = BUILT_PRODUCTS_DIR; };
		5087E77217EB970100C73F5D /* Default-568h@2x.png */ = {isa = PBXFileReference; lastKnownFileType = image.png; path = "Default-568h@2x.png"; sourceTree = "<group>"; };
		5087E77317EB970100C73F5D /* Default.png */ = {isa = PBXFileReference; lastKnownFileType = image.png; path = Default.png; sourceTree = "<group>"; };
		5087E77417EB970100C73F5D /* Default@2x.png */ = {isa = PBXFileReference; lastKnownFileType = image.png; path = "Default@2x.png"; sourceTree = "<group>"; };
		5087E77517EB970100C73F5D /* Icon-114.png */ = {isa = PBXFileReference; lastKnownFileType = image.png; path = "Icon-114.png"; sourceTree = "<group>"; };
		5087E77617EB970100C73F5D /* Icon-120.png */ = {isa = PBXFileReference; lastKnownFileType = image.png; path = "Icon-120.png"; sourceTree = "<group>"; };
		5087E77717EB970100C73F5D /* Icon-144.png */ = {isa = PBXFileReference; lastKnownFileType = image.png; path = "Icon-144.png"; sourceTree = "<group>"; };
		5087E77817EB970100C73F5D /* Icon-152.png */ = {isa = PBXFileReference; lastKnownFileType = image.png; path = "Icon-152.png"; sourceTree = "<group>"; };
		5087E77917EB970100C73F5D /* Icon-57.png */ = {isa = PBXFileReference; lastKnownFileType = image.png; path = "Icon-57.png"; sourceTree = "<group>"; };
		5087E77A17EB970100C73F5D /* Icon-72.png */ = {isa = PBXFileReference; lastKnownFileType = image.png; path = "Icon-72.png"; sourceTree = "<group>"; };
		5087E77B17EB970100C73F5D /* Icon-76.png */ = {isa = PBXFileReference; lastKnownFileType = image.png; path = "Icon-76.png"; sourceTree = "<group>"; };
		5087E77C17EB970100C73F5D /* Info.plist */ = {isa = PBXFileReference; fileEncoding = 4; lastKnownFileType = text.plist.xml; path = Info.plist; sourceTree = "<group>"; };
		5087E78817EB974C00C73F5D /* AppKit.framework */ = {isa = PBXFileReference; lastKnownFileType = wrapper.framework; name = AppKit.framework; path = System/Library/Frameworks/AppKit.framework; sourceTree = SDKROOT; };
		5087E78A17EB975400C73F5D /* OpenGL.framework */ = {isa = PBXFileReference; lastKnownFileType = wrapper.framework; name = OpenGL.framework; path = System/Library/Frameworks/OpenGL.framework; sourceTree = SDKROOT; };
		50EF629217ECD46A001EB2F8 /* Icon-40.png */ = {isa = PBXFileReference; lastKnownFileType = image.png; path = "Icon-40.png"; sourceTree = "<group>"; };
		50EF629317ECD46A001EB2F8 /* Icon-58.png */ = {isa = PBXFileReference; lastKnownFileType = image.png; path = "Icon-58.png"; sourceTree = "<group>"; };
		50EF629417ECD46A001EB2F8 /* Icon-80.png */ = {isa = PBXFileReference; lastKnownFileType = image.png; path = "Icon-80.png"; sourceTree = "<group>"; };
		50EF629517ECD46A001EB2F8 /* Icon-100.png */ = {isa = PBXFileReference; lastKnownFileType = image.png; path = "Icon-100.png"; sourceTree = "<group>"; };
		50EF62A017ECD613001EB2F8 /* Icon-29.png */ = {isa = PBXFileReference; lastKnownFileType = image.png; path = "Icon-29.png"; sourceTree = "<group>"; };
		50EF62A117ECD613001EB2F8 /* Icon-50.png */ = {isa = PBXFileReference; lastKnownFileType = image.png; path = "Icon-50.png"; sourceTree = "<group>"; };
		521A8E6219F0C34300D177D7 /* Default-667h@2x.png */ = {isa = PBXFileReference; lastKnownFileType = image.png; path = "Default-667h@2x.png"; sourceTree = "<group>"; };
		521A8E6319F0C34300D177D7 /* Default-736h@3x.png */ = {isa = PBXFileReference; lastKnownFileType = image.png; path = "Default-736h@3x.png"; sourceTree = "<group>"; };
		52B47A461A53D09B004E4C60 /* Security.framework */ = {isa = PBXFileReference; lastKnownFileType = wrapper.framework; name = Security.framework; path = Platforms/iPhoneOS.platform/Developer/SDKs/iPhoneOS8.1.sdk/System/Library/Frameworks/Security.framework; sourceTree = DEVELOPER_DIR; };
		5936444C96B8743FDD2DFE29 /* PluginAdColony.framework */ = {isa = PBXFileReference; lastKnownFileType = wrapper.framework; path = PluginAdColony.framework; sourceTree = "<group>"; };
		5BBF4E79889EDEAEDB423ED3 /* CFNetwork.framework */ = {isa = PBXFileReference; lastKnownFileType = wrapper.framework; name = CFNetwork.framework; path = Platforms/iPhoneOS.platform/Developer/SDKs/iPhoneOS.sdk/System/Library/Frameworks/CFNetwork.framework; sourceTree = DEVELOPER_DIR; };
		667B448D8DDAB6E487AC5A50 /* PluginFacebook.framework */ = {isa = PBXFileReference; lastKnownFileType = wrapper.framework; path = PluginFacebook.framework; sourceTree = "<group>"; };
		6E1E45DD9C3AA521968A7067 /* MessageUI.framework */ = {isa = PBXFileReference; lastKnownFileType = wrapper.framework; name = MessageUI.framework; path = Platforms/iPhoneOS.platform/Developer/SDKs/iPhoneOS.sdk/System/Library/Frameworks/MessageUI.framework; sourceTree = DEVELOPER_DIR; };
		6E8F47F386721C430C6FC941 /* Social.framework */ = {isa = PBXFileReference; lastKnownFileType = wrapper.framework; name = Social.framework; path = Platforms/iPhoneOS.platform/Developer/SDKs/iPhoneOS.sdk/System/Library/Frameworks/Social.framework; sourceTree = DEVELOPER_DIR; };
		6F064C29A1A5C69743BBDE65 /* CoreMedia.framework */ = {isa = PBXFileReference; lastKnownFileType = wrapper.framework; name = CoreMedia.framework; path = Platforms/iPhoneOS.platform/Developer/SDKs/iPhoneOS.sdk/System/Library/Frameworks/CoreMedia.framework; sourceTree = DEVELOPER_DIR; };
		791D49BC9C5264AAEDC4B223 /* PluginKochava.framework */ = {isa = PBXFileReference; lastKnownFileType = wrapper.framework; path = PluginKochava.framework; sourceTree = "<group>"; };
		7DD4477486F0A63E67032FE0 /* PluginChartboost.framework */ = {isa = PBXFileReference; lastKnownFileType = wrapper.framework; path = PluginChartboost.framework; sourceTree = "<group>"; };
		7EEE4C20BD063D34B734081E /* res */ = {isa = PBXFileReference; lastKnownFileType = "?"; name = res; path = ../Resources/res; sourceTree = "<group>"; };
		8262943D1AAF051F00CB7CF7 /* Security.framework */ = {isa = PBXFileReference; lastKnownFileType = wrapper.framework; name = Security.framework; path = System/Library/Frameworks/Security.framework; sourceTree = SDKROOT; };
		85924B01B1EE8B5D5D0F52B3 /* WebKit.framework */ = {isa = PBXFileReference; lastKnownFileType = wrapper.framework; name = WebKit.framework; path = Platforms/iPhoneOS.platform/Developer/SDKs/iPhoneOS.sdk/System/Library/Frameworks/WebKit.framework; sourceTree = DEVELOPER_DIR; };
		890642F9A94E06C8181F8180 /* iAd.framework */ = {isa = PBXFileReference; lastKnownFileType = wrapper.framework; name = iAd.framework; path = Platforms/iPhoneOS.platform/Developer/SDKs/iPhoneOS.sdk/System/Library/Frameworks/iAd.framework; sourceTree = DEVELOPER_DIR; };
		8B98479A86DD2F6D5E2826EF /* libz.1.2.5.dylib */ = {isa = PBXFileReference; lastKnownFileType = "compiled.mach-o.dylib"; name = libz.1.2.5.dylib; path = Platforms/iPhoneOS.platform/Developer/SDKs/iPhoneOS.sdk/usr/lib/libz.1.2.5.dylib; sourceTree = DEVELOPER_DIR; };
		95C993841B943B2B00EFA80C /* MyPluginsMgr.h */ = {isa = PBXFileReference; lastKnownFileType = sourcecode.c.h; path = MyPluginsMgr.h; sourceTree = "<group>"; };
		95C993851B943C9600EFA80C /* MyPluginsMgr.cpp */ = {isa = PBXFileReference; fileEncoding = 4; lastKnownFileType = sourcecode.cpp.cpp; path = MyPluginsMgr.cpp; sourceTree = "<group>"; };
		9F544443B9E153E07908358D /* PluginIAP.framework */ = {isa = PBXFileReference; lastKnownFileType = wrapper.framework; path = PluginIAP.framework; sourceTree = "<group>"; };
		A3D24FC4B28BA61464587604 /* FBSDKShareKit.framework */ = {isa = PBXFileReference; lastKnownFileType = wrapper.framework; path = FBSDKShareKit.framework; sourceTree = "<group>"; };
		A41A43D3A76985272FC11149 /* PluginGoogleAnalytics.framework */ = {isa = PBXFileReference; lastKnownFileType = wrapper.framework; path = PluginGoogleAnalytics.framework; sourceTree = "<group>"; };
		BCD74A149DC46B8ADD65DD04 /* libcocos2d iOS.a */ = {isa = PBXFileReference; lastKnownFileType = archive.ar; name = "libcocos2d iOS.a"; path = "/private/var/jenkins/engines-prebuilt/cocos2d-x-3.6/prebuilt/ios/libcocos2d iOS.a"; sourceTree = "<absolute>"; };
		BF170DB012928DE900B8313A /* OpenGLES.framework */ = {isa = PBXFileReference; lastKnownFileType = wrapper.framework; name = OpenGLES.framework; path = System/Library/Frameworks/OpenGLES.framework; sourceTree = SDKROOT; };
		BF170DB412928DE900B8313A /* libz.dylib */ = {isa = PBXFileReference; lastKnownFileType = "compiled.mach-o.dylib"; name = libz.dylib; path = usr/lib/libz.dylib; sourceTree = SDKROOT; };
		BF1C47EA1293683800B63C5D /* QuartzCore.framework */ = {isa = PBXFileReference; lastKnownFileType = wrapper.framework; name = QuartzCore.framework; path = System/Library/Frameworks/QuartzCore.framework; sourceTree = SDKROOT; };
		BF2347E4A20E2904EFEFAFB7 /* SystemConfiguration.framework */ = {isa = PBXFileReference; lastKnownFileType = wrapper.framework; name = SystemConfiguration.framework; path = Platforms/iPhoneOS.platform/Developer/SDKs/iPhoneOS.sdk/System/Library/Frameworks/SystemConfiguration.framework; sourceTree = DEVELOPER_DIR; };
		C4444F29B08D0B76A855C0CD /* sdkbox_config.json */ = {isa = PBXFileReference; lastKnownFileType = text.json; name = sdkbox_config.json; path = ../Resources/sdkbox_config.json; sourceTree = SOURCE_ROOT; };
		C98B48ECB6C9B21D16D213F0 /* MobileCoreServices.framework */ = {isa = PBXFileReference; lastKnownFileType = wrapper.framework; name = MobileCoreServices.framework; path = Platforms/iPhoneOS.platform/Developer/SDKs/iPhoneOS.sdk/System/Library/Frameworks/MobileCoreServices.framework; sourceTree = DEVELOPER_DIR; };
		CE7543EEA0FA526FD2C8AD98 /* VungleSDK.framework */ = {isa = PBXFileReference; lastKnownFileType = wrapper.framework; path = VungleSDK.framework; sourceTree = "<group>"; };
		CFE849F18AA014E2D9C126CC /* MediaPlayer.framework */ = {isa = PBXFileReference; lastKnownFileType = wrapper.framework; name = MediaPlayer.framework; path = Platforms/iPhoneOS.platform/Developer/SDKs/iPhoneOS.sdk/System/Library/Frameworks/MediaPlayer.framework; sourceTree = DEVELOPER_DIR; };
		D1954DFDA188879B8EAB9707 /* PluginAgeCheq.framework */ = {isa = PBXFileReference; lastKnownFileType = wrapper.framework; path = PluginAgeCheq.framework; sourceTree = "<group>"; };
		D2604D98B34ECCB86492AEA3 /* AdColony.framework */ = {isa = PBXFileReference; lastKnownFileType = wrapper.framework; path = AdColony.framework; sourceTree = "<group>"; };
		D44C620B132DFF330009C878 /* OpenAL.framework */ = {isa = PBXFileReference; lastKnownFileType = wrapper.framework; name = OpenAL.framework; path = System/Library/Frameworks/OpenAL.framework; sourceTree = SDKROOT; };
		D44C620D132DFF430009C878 /* AVFoundation.framework */ = {isa = PBXFileReference; lastKnownFileType = wrapper.framework; name = AVFoundation.framework; path = System/Library/Frameworks/AVFoundation.framework; sourceTree = SDKROOT; };
		D44C620F132DFF4E0009C878 /* AudioToolbox.framework */ = {isa = PBXFileReference; lastKnownFileType = wrapper.framework; name = AudioToolbox.framework; path = System/Library/Frameworks/AudioToolbox.framework; sourceTree = SDKROOT; };
		D6AB4E49BE0538824D101F46 /* FBSDKLoginKit.framework */ = {isa = PBXFileReference; lastKnownFileType = wrapper.framework; path = FBSDKLoginKit.framework; sourceTree = "<group>"; };
		D6B0611A1803AB670077942B /* CoreMotion.framework */ = {isa = PBXFileReference; lastKnownFileType = wrapper.framework; name = CoreMotion.framework; path = Platforms/iPhoneOS.platform/Developer/SDKs/iPhoneOS7.0.sdk/System/Library/Frameworks/CoreMotion.framework; sourceTree = DEVELOPER_DIR; };
		DD0E441CA891805BCDF81F27 /* libcocos2d Mac.a */ = {isa = PBXFileReference; lastKnownFileType = archive.ar; name = "libcocos2d Mac.a"; path = "/private/var/jenkins/engines-prebuilt/cocos2d-x-3.6/prebuilt/mac/libcocos2d Mac.a"; sourceTree = "<absolute>"; };
		F1574D4DB615C1BFA71F8B3C /* libsqlite3.dylib */ = {isa = PBXFileReference; lastKnownFileType = "compiled.mach-o.dylib"; name = libsqlite3.dylib; path = Platforms/iPhoneOS.platform/Developer/SDKs/iPhoneOS.sdk/usr/lib/libsqlite3.dylib; sourceTree = DEVELOPER_DIR; };
		F1F840309D7328DA46C8C540 /* CoreLocation.framework */ = {isa = PBXFileReference; lastKnownFileType = wrapper.framework; name = CoreLocation.framework; path = Platforms/iPhoneOS.platform/Developer/SDKs/iPhoneOS.sdk/System/Library/Frameworks/CoreLocation.framework; sourceTree = DEVELOPER_DIR; };
		F6BA461A9D98974FEE252C2C /* MobileAppTracker.framework */ = {isa = PBXFileReference; lastKnownFileType = wrapper.framework; path = MobileAppTracker.framework; sourceTree = "<group>"; };
		FB8148BC9C1C1A963040B9F1 /* CoreTelephony.framework */ = {isa = PBXFileReference; lastKnownFileType = wrapper.framework; name = CoreTelephony.framework; path = Platforms/iPhoneOS.platform/Developer/SDKs/iPhoneOS.sdk/System/Library/Frameworks/CoreTelephony.framework; sourceTree = DEVELOPER_DIR; };
/* End PBXFileReference section */

/* Begin PBXFrameworksBuildPhase section */
		1D60588F0D05DD3D006BFB54 /* Frameworks */ = {
			isa = PBXFrameworksBuildPhase;
			buildActionMask = 2147483647;
			files = (
				52B47A471A53D09C004E4C60 /* Security.framework in Frameworks */,
				D6B0611B1803AB670077942B /* CoreMotion.framework in Frameworks */,
				1D60589F0D05DD5A006BFB54 /* Foundation.framework in Frameworks */,
				1DF5F4E00D08C38300B7A737 /* UIKit.framework in Frameworks */,
				288765A50DF7441C002DB57D /* CoreGraphics.framework in Frameworks */,
				BF171245129291EC00B8313A /* OpenGLES.framework in Frameworks */,
				BF1712471292920000B8313A /* libz.dylib in Frameworks */,
				BF1C47F01293687400B63C5D /* QuartzCore.framework in Frameworks */,
				D44C620C132DFF330009C878 /* OpenAL.framework in Frameworks */,
				D44C620E132DFF430009C878 /* AVFoundation.framework in Frameworks */,
				D44C6210132DFF4E0009C878 /* AudioToolbox.framework in Frameworks */,
				1E2446B7A999BED52744973F /* libcocos2d iOS.a in Frameworks */,
				DF8049F688CE6128066E7E87 /* sdkbox.framework in Frameworks */,
				9A1C417CA91EBB1474CE8928 /* libz.1.2.5.dylib in Frameworks */,
				CCA2458D808460BC9EDBCA65 /* AdSupport.framework in Frameworks */,
				E38042F6A61D2701348726B8 /* CoreMedia.framework in Frameworks */,
				49BF43CD8E2277C167055E84 /* CoreTelephony.framework in Frameworks */,
				471C4A3190F639845A3F3DE9 /* EventKit.framework in Frameworks */,
				C3774D41A92F523B3F2BA142 /* EventKitUI.framework in Frameworks */,
				24B04EB883D86C3E571301B0 /* MediaPlayer.framework in Frameworks */,
				A0F2402BB1AA67012DEB983C /* MessageUI.framework in Frameworks */,
				1A824AC48DBA4668F5136D43 /* Social.framework in Frameworks */,
				92AD4A12891CDB4DFB41F89E /* StoreKit.framework in Frameworks */,
				CA594E52B9DE81CD508F66F2 /* SystemConfiguration.framework in Frameworks */,
				65294E9895D14F48381DBC2B /* WebKit.framework in Frameworks */,
				F1D748F5930B4BD4AAA99E62 /* PluginAgeCheq.framework in Frameworks */,
				584D43CE9456CB801B03D9D1 /* PluginChartboost.framework in Frameworks */,
				F53D4A389FF3A550E4857650 /* Chartboost.framework in Frameworks */,
				306A46EDA078A9D19A9F3828 /* PluginVungle.framework in Frameworks */,
				A33E4CEA91EB8D5B224BA730 /* VungleSDK.framework in Frameworks */,
				4B55404490C360371B2D3D66 /* CFNetwork.framework in Frameworks */,
				F1D143BB8CAC820F6B58FC7D /* libsqlite3.dylib in Frameworks */,
				49E64307B6E47C55B42BF4FB /* PluginFlurryAnalytics.framework in Frameworks */,
				C32145D1BBD2EC218C2A6253 /* PluginGoogleAnalytics.framework in Frameworks */,
				50354D3094C6F5437CFC7465 /* CoreData.framework in Frameworks */,
				44084E93877F9414B3C3892D /* PluginIAP.framework in Frameworks */,
				4CFA4D438F1AA25AB33A646D /* PluginKochava.framework in Frameworks */,
				28F4433ABF8C17F948222876 /* iAd.framework in Frameworks */,
				52D249B3807B43FFE0B95FCF /* CoreLocation.framework in Frameworks */,
				D9C24A4AB0F56999DA4BF602 /* PluginTune.framework in Frameworks */,
				F6DE4DFCA387DF48A653EF08 /* MobileAppTracker.framework in Frameworks */,
				0FB648E1B59BA88ADAD13504 /* MobileCoreServices.framework in Frameworks */,
				87D34250A9CF9F8B8851F9F7 /* PluginFacebook.framework in Frameworks */,
				CC084E79A3CA6EC8F186B330 /* FBSDKCoreKit.framework in Frameworks */,
				684041139298A7884A27CD7D /* FBSDKLoginKit.framework in Frameworks */,
				631343FFBF8A2C0A0D435288 /* FBSDKShareKit.framework in Frameworks */,
			);
			runOnlyForDeploymentPostprocessing = 0;
		};
		5087E75C17EB910900C73F5D /* Frameworks */ = {
			isa = PBXFrameworksBuildPhase;
			buildActionMask = 2147483647;
			files = (
				5087E76717EB910900C73F5D /* libz.dylib in Frameworks */,
				8262943E1AAF051F00CB7CF7 /* Security.framework in Frameworks */,
				503AE11B17EB9C5A00D1A890 /* IOKit.framework in Frameworks */,
				5087E78B17EB975400C73F5D /* OpenGL.framework in Frameworks */,
				5087E78917EB974C00C73F5D /* AppKit.framework in Frameworks */,
				5087E76317EB910900C73F5D /* Foundation.framework in Frameworks */,
				5087E76817EB910900C73F5D /* QuartzCore.framework in Frameworks */,
				5087E76917EB910900C73F5D /* OpenAL.framework in Frameworks */,
				5087E76A17EB910900C73F5D /* AVFoundation.framework in Frameworks */,
				5087E76B17EB910900C73F5D /* AudioToolbox.framework in Frameworks */,
				A0E0446CBD24C3315D268DFA /* libcocos2d Mac.a in Frameworks */,
				D1764476A827B5F3742DF186 /* sdkbox.framework in Frameworks */,
				634B4230B7C9E78B1E0A60AC /* PluginAdColony.framework in Frameworks */,
				67AA40068A83D6452E62680A /* AdColony.framework in Frameworks */,
				21E243039CB76CECE64C2B20 /* libz.1.2.5.dylib in Frameworks */,
				5BD446329B0273D38B947E1B /* AdSupport.framework in Frameworks */,
				D62E4158B1E7B84F443C6DCC /* CoreMedia.framework in Frameworks */,
				3BCF4EFD80CD57D52D8BEF95 /* CoreTelephony.framework in Frameworks */,
				C0454F21B10055AABDA56E5F /* EventKit.framework in Frameworks */,
				43C44302BBAEDE7A3BEABC66 /* EventKitUI.framework in Frameworks */,
				3B1C440F9D8D42B207CF2A0F /* MediaPlayer.framework in Frameworks */,
				672C458D9D5F5C7366D98630 /* MessageUI.framework in Frameworks */,
				90E84280B67CA9A1DC4C4B03 /* Social.framework in Frameworks */,
				772E45A5AD2554435DAE5D06 /* StoreKit.framework in Frameworks */,
				B10D4A3FB4A3E7452D575439 /* SystemConfiguration.framework in Frameworks */,
				394945E48A2C9DDA92209279 /* WebKit.framework in Frameworks */,
				79B846B99FFAEA613881D09A /* PluginAgeCheq.framework in Frameworks */,
				2D694ED1A9D76EAF0CE7054B /* PluginChartboost.framework in Frameworks */,
				7D4845C39A3AA5F817392453 /* Chartboost.framework in Frameworks */,
				64184ACD9F5034987FF5E472 /* PluginVungle.framework in Frameworks */,
				62D04C4DA3F32FB26DF45A06 /* VungleSDK.framework in Frameworks */,
				35DF4455A8DDD4E6C480940E /* CFNetwork.framework in Frameworks */,
				1FF44B0E8E0A299D96F0232A /* libsqlite3.dylib in Frameworks */,
				9B7541359559C0696DFAA124 /* PluginFlurryAnalytics.framework in Frameworks */,
				0A864CBDBB1495CDC88E6A31 /* PluginGoogleAnalytics.framework in Frameworks */,
				04D24FD9A4492FEA9F73A513 /* CoreData.framework in Frameworks */,
				DAC941D0936C80A4750FDF81 /* PluginIAP.framework in Frameworks */,
				183945A3B826E10F38975C57 /* PluginKochava.framework in Frameworks */,
				B28948118A6418624D24972A /* iAd.framework in Frameworks */,
				438A406D8C2D25F49F3FE1F1 /* CoreLocation.framework in Frameworks */,
				F7144763B4C639543C0F8361 /* PluginTune.framework in Frameworks */,
				DC504AC583EF38A4CD48CC02 /* MobileAppTracker.framework in Frameworks */,
				44924C6F8C49E984A6AEE711 /* MobileCoreServices.framework in Frameworks */,
				AD2E4A70A54B6A839B3DD7E9 /* PluginFacebook.framework in Frameworks */,
				003942F48423DC1AF5A8FB9A /* FBSDKCoreKit.framework in Frameworks */,
				F55445D4A121462CA9C98F54 /* FBSDKLoginKit.framework in Frameworks */,
				34364505818A60F06C680F6B /* FBSDKShareKit.framework in Frameworks */,
			);
			runOnlyForDeploymentPostprocessing = 0;
		};
/* End PBXFrameworksBuildPhase section */

/* Begin PBXGroup section */
		080E96DDFE201D6D7F000001 /* ios */ = {
			isa = PBXGroup;
			children = (
				5087E77117EB970100C73F5D /* Icons */,
				503AE0FA17EB989F00D1A890 /* AppController.h */,
				503AE0FB17EB989F00D1A890 /* AppController.mm */,
				503AE0FC17EB989F00D1A890 /* main.m */,
				503AE0FD17EB989F00D1A890 /* Prefix.pch */,
				503AE0FE17EB989F00D1A890 /* RootViewController.h */,
				503AE0FF17EB989F00D1A890 /* RootViewController.mm */,
			);
			name = ios;
			path = Classes;
			sourceTree = "<group>";
		};
		19C28FACFE9D520D11CA2CBB /* Products */ = {
			isa = PBXGroup;
			children = (
				1D6058910D05DD3D006BFB54 /* sdkbox_func_test_cpp iOS.app */,
				5087E76F17EB910900C73F5D /* sdkbox_func_test_cpp Mac.app */,
			);
			name = Products;
			sourceTree = "<group>";
		};
		29B97314FDCFA39411CA2CEA /* CustomTemplate */ = {
			isa = PBXGroup;
			children = (
				46880B8319C43A87006E1F66 /* Classes */,
				46880B7519C43A67006E1F66 /* Resources */,
				29B97323FDCFA39411CA2CEA /* Frameworks */,
				080E96DDFE201D6D7F000001 /* ios */,
				503AE10617EB990700D1A890 /* mac */,
				19C28FACFE9D520D11CA2CBB /* Products */,
				94494B8BB85AD53FD05907EA /* ios-libs */,
				3D5C45BEA8B469EAAB44A830 /* mac-libs */,
			);
			name = CustomTemplate;
			sourceTree = "<group>";
		};
		29B97323FDCFA39411CA2CEA /* Frameworks */ = {
			isa = PBXGroup;
			children = (
				D2604D98B34ECCB86492AEA3 /* AdColony.framework */,
				39FA4B79A99EB1196B2A7759 /* AdSupport.framework */,
				5087E78817EB974C00C73F5D /* AppKit.framework */,
				D44C620F132DFF4E0009C878 /* AudioToolbox.framework */,
				D44C620D132DFF430009C878 /* AVFoundation.framework */,
				5BBF4E79889EDEAEDB423ED3 /* CFNetwork.framework */,
				38D54F92B90DA04D8F0BB4AC /* Chartboost.framework */,
				4ABA4773AECE5D3AAC3978A1 /* CoreData.framework */,
				288765A40DF7441C002DB57D /* CoreGraphics.framework */,
				F1F840309D7328DA46C8C540 /* CoreLocation.framework */,
				6F064C29A1A5C69743BBDE65 /* CoreMedia.framework */,
				D6B0611A1803AB670077942B /* CoreMotion.framework */,
				FB8148BC9C1C1A963040B9F1 /* CoreTelephony.framework */,
				362842229A74F63799981B8C /* EventKit.framework */,
				4FEC41B6887C7B4776AA6EC4 /* EventKitUI.framework */,
				1D30AB110D05D00D00671497 /* Foundation.framework */,
				890642F9A94E06C8181F8180 /* iAd.framework */,
				503AE11A17EB9C5A00D1A890 /* IOKit.framework */,
				1ACB3243164770DE00914215 /* libcurl.a */,
				503AE11117EB99EE00D1A890 /* libcurl.dylib */,
				F1574D4DB615C1BFA71F8B3C /* libsqlite3.dylib */,
				8B98479A86DD2F6D5E2826EF /* libz.1.2.5.dylib */,
				BF170DB412928DE900B8313A /* libz.dylib */,
				CFE849F18AA014E2D9C126CC /* MediaPlayer.framework */,
				6E1E45DD9C3AA521968A7067 /* MessageUI.framework */,
				F6BA461A9D98974FEE252C2C /* MobileAppTracker.framework */,
				C98B48ECB6C9B21D16D213F0 /* MobileCoreServices.framework */,
				D44C620B132DFF330009C878 /* OpenAL.framework */,
				5087E78A17EB975400C73F5D /* OpenGL.framework */,
				BF170DB012928DE900B8313A /* OpenGLES.framework */,
				5936444C96B8743FDD2DFE29 /* PluginAdColony.framework */,
				D1954DFDA188879B8EAB9707 /* PluginAgeCheq.framework */,
				7DD4477486F0A63E67032FE0 /* PluginChartboost.framework */,
				28AE4354918C89FA44CE9795 /* PluginFlurryAnalytics.framework */,
				A41A43D3A76985272FC11149 /* PluginGoogleAnalytics.framework */,
				9F544443B9E153E07908358D /* PluginIAP.framework */,
				791D49BC9C5264AAEDC4B223 /* PluginKochava.framework */,
				4033441CB866FE143D6B36E5 /* PluginTune.framework */,
				2DD14866BFA3CB8D3A565AEE /* PluginVungle.framework */,
				BF1C47EA1293683800B63C5D /* QuartzCore.framework */,
				2B15406B928F01BDA8C80662 /* sdkbox.framework */,
				8262943D1AAF051F00CB7CF7 /* Security.framework */,
				52B47A461A53D09B004E4C60 /* Security.framework */,
				6E8F47F386721C430C6FC941 /* Social.framework */,
				35E3450D96FC9241F990A328 /* StoreKit.framework */,
				BF2347E4A20E2904EFEFAFB7 /* SystemConfiguration.framework */,
				1DF5F4DF0D08C38300B7A737 /* UIKit.framework */,
				CE7543EEA0FA526FD2C8AD98 /* VungleSDK.framework */,
				85924B01B1EE8B5D5D0F52B3 /* WebKit.framework */,
				667B448D8DDAB6E487AC5A50 /* PluginFacebook.framework */,
				2F724FD689E4495BE7C97860 /* FBSDKCoreKit.framework */,
				D6AB4E49BE0538824D101F46 /* FBSDKLoginKit.framework */,
				A3D24FC4B28BA61464587604 /* FBSDKShareKit.framework */,
			);
			name = Frameworks;
			sourceTree = "<group>";
		};
		3D5C45BEA8B469EAAB44A830 /* mac-libs */ = {
			isa = PBXGroup;
			children = (
				DD0E441CA891805BCDF81F27 /* libcocos2d Mac.a */,
			);
			name = "mac-libs";
			sourceTree = "<group>";
		};
		46880B7519C43A67006E1F66 /* Resources */ = {
			isa = PBXGroup;
			children = (
				7EEE4C20BD063D34B734081E /* res */,
				C4444F29B08D0B76A855C0CD /* sdkbox_config.json */,
			);
			name = Resources;
			path = ../Resources;
			sourceTree = "<group>";
		};
		46880B8319C43A87006E1F66 /* Classes */ = {
			isa = PBXGroup;
			children = (
				46880B8419C43A87006E1F66 /* AppDelegate.cpp */,
				46880B8519C43A87006E1F66 /* AppDelegate.h */,
				46880B8619C43A87006E1F66 /* HelloWorldScene.cpp */,
				46880B8719C43A87006E1F66 /* HelloWorldScene.h */,
				95C993841B943B2B00EFA80C /* MyPluginsMgr.h */,
				95C993851B943C9600EFA80C /* MyPluginsMgr.cpp */,
			);
			name = Classes;
			path = ../Classes;
			sourceTree = "<group>";
		};
		503AE0F517EB97AB00D1A890 /* Icons */ = {
			isa = PBXGroup;
			children = (
				503AE0F617EB97AB00D1A890 /* Icon.icns */,
				503AE0F717EB97AB00D1A890 /* Info.plist */,
			);
			name = Icons;
			path = mac;
			sourceTree = SOURCE_ROOT;
		};
		503AE10617EB990700D1A890 /* mac */ = {
			isa = PBXGroup;
			children = (
				503AE0F517EB97AB00D1A890 /* Icons */,
				503AE10317EB98FF00D1A890 /* main.cpp */,
				503AE10417EB98FF00D1A890 /* Prefix.pch */,
			);
			name = mac;
			sourceTree = "<group>";
		};
		5087E77117EB970100C73F5D /* Icons */ = {
			isa = PBXGroup;
			children = (
				521A8E6219F0C34300D177D7 /* Default-667h@2x.png */,
				521A8E6319F0C34300D177D7 /* Default-736h@3x.png */,
				5087E77217EB970100C73F5D /* Default-568h@2x.png */,
				5087E77317EB970100C73F5D /* Default.png */,
				5087E77417EB970100C73F5D /* Default@2x.png */,
				50EF62A017ECD613001EB2F8 /* Icon-29.png */,
				50EF62A117ECD613001EB2F8 /* Icon-50.png */,
				50EF629217ECD46A001EB2F8 /* Icon-40.png */,
				50EF629317ECD46A001EB2F8 /* Icon-58.png */,
				50EF629417ECD46A001EB2F8 /* Icon-80.png */,
				50EF629517ECD46A001EB2F8 /* Icon-100.png */,
				5087E77517EB970100C73F5D /* Icon-114.png */,
				5087E77617EB970100C73F5D /* Icon-120.png */,
				5087E77717EB970100C73F5D /* Icon-144.png */,
				5087E77817EB970100C73F5D /* Icon-152.png */,
				5087E77917EB970100C73F5D /* Icon-57.png */,
				5087E77A17EB970100C73F5D /* Icon-72.png */,
				5087E77B17EB970100C73F5D /* Icon-76.png */,
				5087E77C17EB970100C73F5D /* Info.plist */,
			);
			name = Icons;
			path = ios;
			sourceTree = SOURCE_ROOT;
		};
		94494B8BB85AD53FD05907EA /* ios-libs */ = {
			isa = PBXGroup;
			children = (
				BCD74A149DC46B8ADD65DD04 /* libcocos2d iOS.a */,
			);
			name = "ios-libs";
			sourceTree = "<group>";
		};
/* End PBXGroup section */

/* Begin PBXNativeTarget section */
		1D6058900D05DD3D006BFB54 /* sdkbox_func_test_cpp iOS */ = {
			isa = PBXNativeTarget;
			buildConfigurationList = 1D6058960D05DD3E006BFB54 /* Build configuration list for PBXNativeTarget "sdkbox_func_test_cpp iOS" */;
			buildPhases = (
				1D60588D0D05DD3D006BFB54 /* Resources */,
				1D60588E0D05DD3D006BFB54 /* Sources */,
				1D60588F0D05DD3D006BFB54 /* Frameworks */,
			);
			buildRules = (
			);
			dependencies = (
			);
			name = "sdkbox_func_test_cpp iOS";
			productName = iphone;
			productReference = 1D6058910D05DD3D006BFB54 /* sdkbox_func_test_cpp iOS.app */;
			productType = "com.apple.product-type.application";
		};
		5087E73D17EB910900C73F5D /* sdkbox_func_test_cpp Mac */ = {
			isa = PBXNativeTarget;
			buildConfigurationList = 5087E76C17EB910900C73F5D /* Build configuration list for PBXNativeTarget "sdkbox_func_test_cpp Mac" */;
			buildPhases = (
				5087E74817EB910900C73F5D /* Resources */,
				5087E75617EB910900C73F5D /* Sources */,
				5087E75C17EB910900C73F5D /* Frameworks */,
			);
			buildRules = (
			);
			dependencies = (
			);
			name = "sdkbox_func_test_cpp Mac";
			productName = iphone;
			productReference = 5087E76F17EB910900C73F5D /* sdkbox_func_test_cpp Mac.app */;
			productType = "com.apple.product-type.application";
		};
/* End PBXNativeTarget section */

/* Begin PBXProject section */
		29B97313FDCFA39411CA2CEA /* Project object */ = {
			isa = PBXProject;
			attributes = {
				LastUpgradeCheck = 0640;
				TargetAttributes = {
					1D6058900D05DD3D006BFB54 = {
						DevelopmentTeam = MDDB52YB8L;
					};
				};
			};
			buildConfigurationList = C01FCF4E08A954540054247B /* Build configuration list for PBXProject "sdkbox_func_test_cpp" */;
			compatibilityVersion = "Xcode 3.2";
			developmentRegion = English;
			hasScannedForEncodings = 1;
			knownRegions = (
				English,
				Japanese,
				French,
				German,
			);
			mainGroup = 29B97314FDCFA39411CA2CEA /* CustomTemplate */;
			projectDirPath = "";
			projectRoot = "";
			targets = (
				1D6058900D05DD3D006BFB54 /* sdkbox_func_test_cpp iOS */,
				5087E73D17EB910900C73F5D /* sdkbox_func_test_cpp Mac */,
			);
		};
/* End PBXProject section */

/* Begin PBXResourcesBuildPhase section */
		1D60588D0D05DD3D006BFB54 /* Resources */ = {
			isa = PBXResourcesBuildPhase;
			buildActionMask = 2147483647;
			files = (
				5087E78117EB970100C73F5D /* Icon-120.png in Resources */,
				5087E78617EB970100C73F5D /* Icon-76.png in Resources */,
				5087E77F17EB970100C73F5D /* Default@2x.png in Resources */,
				50EF629917ECD46A001EB2F8 /* Icon-100.png in Resources */,
				5087E78317EB970100C73F5D /* Icon-152.png in Resources */,
				5087E77D17EB970100C73F5D /* Default-568h@2x.png in Resources */,
				5087E78517EB970100C73F5D /* Icon-72.png in Resources */,
				521A8E6519F0C34300D177D7 /* Default-736h@3x.png in Resources */,
				50EF62A317ECD613001EB2F8 /* Icon-50.png in Resources */,
				5087E78017EB970100C73F5D /* Icon-114.png in Resources */,
				50EF62A217ECD613001EB2F8 /* Icon-29.png in Resources */,
				50EF629617ECD46A001EB2F8 /* Icon-40.png in Resources */,
				5087E78217EB970100C73F5D /* Icon-144.png in Resources */,
				50EF629817ECD46A001EB2F8 /* Icon-80.png in Resources */,
				5087E78417EB970100C73F5D /* Icon-57.png in Resources */,
				5087E77E17EB970100C73F5D /* Default.png in Resources */,
				521A8E6419F0C34300D177D7 /* Default-667h@2x.png in Resources */,
				50EF629717ECD46A001EB2F8 /* Icon-58.png in Resources */,
				33C9494DB2E67A878ECD1A0C /* res in Resources */,
				BD154B22BE7DED9764952C62 /* sdkbox_config.json in Resources */,
			);
			runOnlyForDeploymentPostprocessing = 0;
		};
		5087E74817EB910900C73F5D /* Resources */ = {
			isa = PBXResourcesBuildPhase;
			buildActionMask = 2147483647;
			files = (
				503AE0F817EB97AB00D1A890 /* Icon.icns in Resources */,
				41984F67B85E1B57CB1DF40A /* res in Resources */,
				30BD4AD0A76B2F0020E0720C /* sdkbox_config.json in Resources */,
			);
			runOnlyForDeploymentPostprocessing = 0;
		};
/* End PBXResourcesBuildPhase section */

/* Begin PBXSourcesBuildPhase section */
		1D60588E0D05DD3D006BFB54 /* Sources */ = {
			isa = PBXSourcesBuildPhase;
			buildActionMask = 2147483647;
			files = (
				46880B8819C43A87006E1F66 /* AppDelegate.cpp in Sources */,
				46880B8A19C43A87006E1F66 /* HelloWorldScene.cpp in Sources */,
				503AE10017EB989F00D1A890 /* AppController.mm in Sources */,
				95C993861B943C9600EFA80C /* MyPluginsMgr.cpp in Sources */,
				503AE10217EB989F00D1A890 /* RootViewController.mm in Sources */,
				503AE10117EB989F00D1A890 /* main.m in Sources */,
			);
			runOnlyForDeploymentPostprocessing = 0;
		};
		5087E75617EB910900C73F5D /* Sources */ = {
			isa = PBXSourcesBuildPhase;
			buildActionMask = 2147483647;
			files = (
				46880B8919C43A87006E1F66 /* AppDelegate.cpp in Sources */,
				503AE10517EB98FF00D1A890 /* main.cpp in Sources */,
				46880B8B19C43A87006E1F66 /* HelloWorldScene.cpp in Sources */,
			);
			runOnlyForDeploymentPostprocessing = 0;
		};
/* End PBXSourcesBuildPhase section */

/* Begin XCBuildConfiguration section */
		1D6058940D05DD3E006BFB54 /* Debug */ = {
			isa = XCBuildConfiguration;
			buildSettings = {
				ALWAYS_SEARCH_USER_PATHS = YES;
				CODE_SIGN_IDENTITY = "iPhone Developer";
				COMPRESS_PNG_FILES = NO;
				FRAMEWORK_SEARCH_PATHS = ../proj.ios_mac;
				GCC_DYNAMIC_NO_PIC = NO;
				GCC_INLINES_ARE_PRIVATE_EXTERN = NO;
				GCC_PRECOMPILE_PREFIX_HEADER = YES;
				GCC_PREFIX_HEADER = ios/Prefix.pch;
				GCC_PREPROCESSOR_DEFINITIONS = (
					USE_FILE32API,
					CC_TARGET_OS_IPHONE,
					"COCOS2D_DEBUG=1",
					"CC_ENABLE_CHIPMUNK_INTEGRATION=1",
				);
				GCC_SYMBOLS_PRIVATE_EXTERN = NO;
				HEADER_SEARCH_PATHS = (
					"$(inherited)",
					"/private/var/jenkins/engines-prebuilt/cocos2d-x-3.6/cocos/platform/ios",
					"/private/var/jenkins/engines-prebuilt/cocos2d-x-3.6/cocos/platform/ios/Simulation",
				);
				INFOPLIST_FILE = ios/Info.plist;
				IPHONEOS_DEPLOYMENT_TARGET = 5.0;
				LIBRARY_SEARCH_PATHS = (
					"/private/var/jenkins/engines-prebuilt/cocos2d-x-3.6/prebuilt/ios",
					"\"sdkbox.framework\"",
					"\"PluginAdColony.framework\"",
					"\"AdColony.framework\"",
					"\"PluginAgeCheq.framework\"",
					"\"PluginChartboost.framework\"",
					"\"Chartboost.framework\"",
					"\"PluginVungle.framework\"",
					"\"VungleSDK.framework\"",
					"\"PluginFlurryAnalytics.framework\"",
					"\"PluginGoogleAnalytics.framework\"",
					"\"PluginIAP.framework\"",
					"\"PluginKochava.framework\"",
					"\"PluginTune.framework\"",
					"\"MobileAppTracker.framework\"",
					"\"PluginFacebook.framework\"",
					"\"FBSDKCoreKit.framework\"",
					"\"FBSDKLoginKit.framework\"",
					"\"FBSDKShareKit.framework\"",
				);
				OTHER_LDFLAGS = (
					"$(_COCOS_LIB_IOS_BEGIN)",
					"$(_COCOS_LIB_IOS_END)",
					"-fobjc-arc",
					"-force_load",
					AdColony.framework/AdColony,
				);
				PRODUCT_NAME = "sdkbox_func_test_cpp iOS";
				SDKROOT = iphoneos;
				TARGETED_DEVICE_FAMILY = "1,2";
				USER_HEADER_SEARCH_PATHS = "$(_COCOS_HEADER_IOS_BEGIN) $(_COCOS_HEADER_IOS_END)";
				VALID_ARCHS = "arm64 armv7";
			};
			name = Debug;
		};
		1D6058950D05DD3E006BFB54 /* Release */ = {
			isa = XCBuildConfiguration;
			buildSettings = {
				ALWAYS_SEARCH_USER_PATHS = YES;
				CODE_SIGN_IDENTITY = "iPhone Developer";
				COMPRESS_PNG_FILES = NO;
				FRAMEWORK_SEARCH_PATHS = ../proj.ios_mac;
				GCC_INLINES_ARE_PRIVATE_EXTERN = NO;
				GCC_PRECOMPILE_PREFIX_HEADER = YES;
				GCC_PREFIX_HEADER = ios/Prefix.pch;
				GCC_PREPROCESSOR_DEFINITIONS = (
					USE_FILE32API,
					CC_TARGET_OS_IPHONE,
					"CC_ENABLE_CHIPMUNK_INTEGRATION=1",
				);
				GCC_SYMBOLS_PRIVATE_EXTERN = NO;
				HEADER_SEARCH_PATHS = (
					"$(inherited)",
					"/private/var/jenkins/engines-prebuilt/cocos2d-x-3.6/cocos/platform/ios",
					"/private/var/jenkins/engines-prebuilt/cocos2d-x-3.6/cocos/platform/ios/Simulation",
				);
				INFOPLIST_FILE = ios/Info.plist;
				IPHONEOS_DEPLOYMENT_TARGET = 5.0;
				LIBRARY_SEARCH_PATHS = (
					"/private/var/jenkins/engines-prebuilt/cocos2d-x-3.6/prebuilt/ios",
					"\"sdkbox.framework\"",
					"\"PluginAdColony.framework\"",
					"\"AdColony.framework\"",
					"\"PluginAgeCheq.framework\"",
					"\"PluginChartboost.framework\"",
					"\"Chartboost.framework\"",
					"\"PluginVungle.framework\"",
					"\"VungleSDK.framework\"",
					"\"PluginFlurryAnalytics.framework\"",
					"\"PluginGoogleAnalytics.framework\"",
					"\"PluginIAP.framework\"",
					"\"PluginKochava.framework\"",
					"\"PluginTune.framework\"",
					"\"MobileAppTracker.framework\"",
					"\"PluginFacebook.framework\"",
					"\"FBSDKCoreKit.framework\"",
					"\"FBSDKLoginKit.framework\"",
					"\"FBSDKShareKit.framework\"",
				);
				OTHER_LDFLAGS = (
					"$(_COCOS_LIB_IOS_BEGIN)",
					"$(_COCOS_LIB_IOS_END)",
					"-fobjc-arc",
					"-force_load",
					AdColony.framework/AdColony,
				);
				PRODUCT_NAME = "sdkbox_func_test_cpp iOS";
				SDKROOT = iphoneos;
				TARGETED_DEVICE_FAMILY = "1,2";
				USER_HEADER_SEARCH_PATHS = "$(_COCOS_HEADER_IOS_BEGIN) $(_COCOS_HEADER_IOS_END)";
				VALID_ARCHS = "arm64 armv7";
			};
			name = Release;
		};
		5087E76D17EB910900C73F5D /* Debug */ = {
			isa = XCBuildConfiguration;
			buildSettings = {
				ALWAYS_SEARCH_USER_PATHS = YES;
				CLANG_CXX_LANGUAGE_STANDARD = "c++0x";
				CLANG_CXX_LIBRARY = "libc++";
				COMBINE_HIDPI_IMAGES = YES;
				FRAMEWORK_SEARCH_PATHS = "\"../proj.ios_mac/\"";
				GCC_DYNAMIC_NO_PIC = NO;
				GCC_INLINES_ARE_PRIVATE_EXTERN = NO;
				GCC_PRECOMPILE_PREFIX_HEADER = YES;
				GCC_PREFIX_HEADER = mac/Prefix.pch;
				GCC_PREPROCESSOR_DEFINITIONS = (
					USE_FILE32API,
					CC_TARGET_OS_MAC,
					"COCOS2D_DEBUG=1",
					"CC_ENABLE_CHIPMUNK_INTEGRATION=1",
				);
				GCC_SYMBOLS_PRIVATE_EXTERN = NO;
				HEADER_SEARCH_PATHS = (
					"$(inherited)",
					"/private/var/jenkins/engines-prebuilt/cocos2d-x-3.6/cocos/platform/mac",
					"/private/var/jenkins/engines-prebuilt/cocos2d-x-3.6/external/glfw3/include/mac",
				);
				INFOPLIST_FILE = mac/Info.plist;
				LIBRARY_SEARCH_PATHS = (
					"/private/var/jenkins/engines-prebuilt/cocos2d-x-3.6/prebuilt/mac",
					"\"sdkbox.framework\"",
					"\"PluginAdColony.framework\"",
					"\"AdColony.framework\"",
					"\"PluginAgeCheq.framework\"",
					"\"PluginChartboost.framework\"",
					"\"Chartboost.framework\"",
					"\"PluginVungle.framework\"",
					"\"VungleSDK.framework\"",
					"\"PluginFlurryAnalytics.framework\"",
					"\"PluginGoogleAnalytics.framework\"",
					"\"PluginIAP.framework\"",
					"\"PluginKochava.framework\"",
					"\"PluginTune.framework\"",
					"\"MobileAppTracker.framework\"",
					"\"PluginFacebook.framework\"",
					"\"FBSDKCoreKit.framework\"",
					"\"FBSDKLoginKit.framework\"",
					"\"FBSDKShareKit.framework\"",
				);
				OTHER_LDFLAGS = (
					"$(_COCOS_LIB_MAC_BEGIN)",
					"$(_COCOS_LIB_MAC_END)",
					"-fobjc-arc",
					"-force_load",
					AdColony.framework/AdColony,
				);
				PRODUCT_NAME = "sdkbox_func_test_cpp Mac";
				USER_HEADER_SEARCH_PATHS = "$(_COCOS_HEADER_MAC_BEGIN) $(_COCOS_HEADER_MAC_END)";
			};
			name = Debug;
		};
		5087E76E17EB910900C73F5D /* Release */ = {
			isa = XCBuildConfiguration;
			buildSettings = {
				ALWAYS_SEARCH_USER_PATHS = YES;
				CLANG_CXX_LANGUAGE_STANDARD = "c++0x";
				CLANG_CXX_LIBRARY = "libc++";
				COMBINE_HIDPI_IMAGES = YES;
				FRAMEWORK_SEARCH_PATHS = "\"../proj.ios_mac/\"";
				GCC_INLINES_ARE_PRIVATE_EXTERN = NO;
				GCC_PRECOMPILE_PREFIX_HEADER = YES;
				GCC_PREFIX_HEADER = mac/Prefix.pch;
				GCC_PREPROCESSOR_DEFINITIONS = (
					USE_FILE32API,
					CC_TARGET_OS_MAC,
					"CC_ENABLE_CHIPMUNK_INTEGRATION=1",
				);
				GCC_SYMBOLS_PRIVATE_EXTERN = NO;
				HEADER_SEARCH_PATHS = (
					"$(inherited)",
					"/private/var/jenkins/engines-prebuilt/cocos2d-x-3.6/cocos/platform/mac",
					"/private/var/jenkins/engines-prebuilt/cocos2d-x-3.6/external/glfw3/include/mac",
				);
				INFOPLIST_FILE = mac/Info.plist;
				LIBRARY_SEARCH_PATHS = (
					"/private/var/jenkins/engines-prebuilt/cocos2d-x-3.6/prebuilt/mac",
					"\"sdkbox.framework\"",
					"\"PluginAdColony.framework\"",
					"\"AdColony.framework\"",
					"\"PluginAgeCheq.framework\"",
					"\"PluginChartboost.framework\"",
					"\"Chartboost.framework\"",
					"\"PluginVungle.framework\"",
					"\"VungleSDK.framework\"",
					"\"PluginFlurryAnalytics.framework\"",
					"\"PluginGoogleAnalytics.framework\"",
					"\"PluginIAP.framework\"",
					"\"PluginKochava.framework\"",
					"\"PluginTune.framework\"",
					"\"MobileAppTracker.framework\"",
					"\"PluginFacebook.framework\"",
					"\"FBSDKCoreKit.framework\"",
					"\"FBSDKLoginKit.framework\"",
					"\"FBSDKShareKit.framework\"",
				);
				OTHER_LDFLAGS = (
					"$(_COCOS_LIB_MAC_BEGIN)",
					"$(_COCOS_LIB_MAC_END)",
					"-fobjc-arc",
					"-force_load",
					AdColony.framework/AdColony,
				);
				PRODUCT_NAME = "sdkbox_func_test_cpp Mac";
				USER_HEADER_SEARCH_PATHS = "$(_COCOS_HEADER_MAC_BEGIN) $(_COCOS_HEADER_MAC_END)";
			};
			name = Release;
		};
		C01FCF4F08A954540054247B /* Debug */ = {
			isa = XCBuildConfiguration;
			buildSettings = {
				CLANG_CXX_LANGUAGE_STANDARD = "c++0x";
				CLANG_CXX_LIBRARY = "libc++";
				COPY_PHASE_STRIP = NO;
				FRAMEWORK_SEARCH_PATHS = "\"../proj.ios_mac/\"";
				GCC_OPTIMIZATION_LEVEL = 0;
				GCC_WARN_ABOUT_RETURN_TYPE = YES;
				GCC_WARN_UNUSED_VARIABLE = YES;
				HEADER_SEARCH_PATHS = (
					"/private/var/jenkins/engines-prebuilt/cocos2d-x-3.6",
					"/private/var/jenkins/engines-prebuilt/cocos2d-x-3.6/cocos",
					"/private/var/jenkins/engines-prebuilt/cocos2d-x-3.6/cocos/base",
					"/private/var/jenkins/engines-prebuilt/cocos2d-x-3.6/cocos/physics",
					"/private/var/jenkins/engines-prebuilt/cocos2d-x-3.6/cocos/math",
					"/private/var/jenkins/engines-prebuilt/cocos2d-x-3.6/cocos/2d",
					"/private/var/jenkins/engines-prebuilt/cocos2d-x-3.6/cocos/ui",
					"/private/var/jenkins/engines-prebuilt/cocos2d-x-3.6/cocos/network",
					"/private/var/jenkins/engines-prebuilt/cocos2d-x-3.6/cocos/audio/include",
					"/private/var/jenkins/engines-prebuilt/cocos2d-x-3.6/cocos/editor-support",
					"/private/var/jenkins/engines-prebuilt/cocos2d-x-3.6/extensions",
					"/private/var/jenkins/engines-prebuilt/cocos2d-x-3.6/external",
					"/private/var/jenkins/engines-prebuilt/cocos2d-x-3.6/external/chipmunk/include/chipmunk",
				);
				LIBRARY_SEARCH_PATHS = (
					"\"sdkbox.framework\"",
					"\"PluginAdColony.framework\"",
					"\"AdColony.framework\"",
					"\"PluginAgeCheq.framework\"",
					"\"PluginChartboost.framework\"",
					"\"Chartboost.framework\"",
					"\"PluginVungle.framework\"",
					"\"VungleSDK.framework\"",
					"\"PluginFlurryAnalytics.framework\"",
					"\"PluginGoogleAnalytics.framework\"",
					"\"PluginIAP.framework\"",
					"\"PluginKochava.framework\"",
					"\"PluginTune.framework\"",
					"\"MobileAppTracker.framework\"",
					"\"PluginFacebook.framework\"",
					"\"FBSDKCoreKit.framework\"",
					"\"FBSDKLoginKit.framework\"",
					"\"FBSDKShareKit.framework\"",
				);
				MACOSX_DEPLOYMENT_TARGET = 10.7;
				ONLY_ACTIVE_ARCH = YES;
				OTHER_LDFLAGS = (
					"-fobjc-arc",
					"-force_load",
					AdColony.framework/AdColony,
				);
				PRODUCT_NAME = "$(TARGET_NAME)";
				SDKROOT = macosx;
			};
			name = Debug;
		};
		C01FCF5008A954540054247B /* Release */ = {
			isa = XCBuildConfiguration;
			buildSettings = {
				CLANG_CXX_LANGUAGE_STANDARD = "c++0x";
				CLANG_CXX_LIBRARY = "libc++";
				FRAMEWORK_SEARCH_PATHS = "\"../proj.ios_mac/\"";
				GCC_WARN_ABOUT_RETURN_TYPE = YES;
				GCC_WARN_UNUSED_VARIABLE = YES;
				HEADER_SEARCH_PATHS = (
					"/private/var/jenkins/engines-prebuilt/cocos2d-x-3.6",
					"/private/var/jenkins/engines-prebuilt/cocos2d-x-3.6/cocos",
					"/private/var/jenkins/engines-prebuilt/cocos2d-x-3.6/cocos/base",
					"/private/var/jenkins/engines-prebuilt/cocos2d-x-3.6/cocos/physics",
					"/private/var/jenkins/engines-prebuilt/cocos2d-x-3.6/cocos/math",
					"/private/var/jenkins/engines-prebuilt/cocos2d-x-3.6/cocos/2d",
					"/private/var/jenkins/engines-prebuilt/cocos2d-x-3.6/cocos/ui",
					"/private/var/jenkins/engines-prebuilt/cocos2d-x-3.6/cocos/network",
					"/private/var/jenkins/engines-prebuilt/cocos2d-x-3.6/cocos/audio/include",
					"/private/var/jenkins/engines-prebuilt/cocos2d-x-3.6/cocos/editor-support",
					"/private/var/jenkins/engines-prebuilt/cocos2d-x-3.6/extensions",
					"/private/var/jenkins/engines-prebuilt/cocos2d-x-3.6/external",
					"/private/var/jenkins/engines-prebuilt/cocos2d-x-3.6/external/chipmunk/include/chipmunk",
				);
				LIBRARY_SEARCH_PATHS = (
					"\"sdkbox.framework\"",
					"\"PluginAdColony.framework\"",
					"\"AdColony.framework\"",
					"\"PluginAgeCheq.framework\"",
					"\"PluginChartboost.framework\"",
					"\"Chartboost.framework\"",
					"\"PluginVungle.framework\"",
					"\"VungleSDK.framework\"",
					"\"PluginFlurryAnalytics.framework\"",
					"\"PluginGoogleAnalytics.framework\"",
					"\"PluginIAP.framework\"",
					"\"PluginKochava.framework\"",
					"\"PluginTune.framework\"",
					"\"MobileAppTracker.framework\"",
					"\"PluginFacebook.framework\"",
					"\"FBSDKCoreKit.framework\"",
					"\"FBSDKLoginKit.framework\"",
					"\"FBSDKShareKit.framework\"",
				);
				MACOSX_DEPLOYMENT_TARGET = 10.7;
				OTHER_CFLAGS = "-DNS_BLOCK_ASSERTIONS=1";
				OTHER_LDFLAGS = (
					"-fobjc-arc",
					"-force_load",
					AdColony.framework/AdColony,
				);
				PRODUCT_NAME = "$(TARGET_NAME)";
				SDKROOT = macosx;
				VALIDATE_PRODUCT = YES;
			};
			name = Release;
		};
/* End XCBuildConfiguration section */

/* Begin XCConfigurationList section */
		1D6058960D05DD3E006BFB54 /* Build configuration list for PBXNativeTarget "sdkbox_func_test_cpp iOS" */ = {
			isa = XCConfigurationList;
			buildConfigurations = (
				1D6058940D05DD3E006BFB54 /* Debug */,
				1D6058950D05DD3E006BFB54 /* Release */,
			);
			defaultConfigurationIsVisible = 0;
			defaultConfigurationName = Debug;
		};
		5087E76C17EB910900C73F5D /* Build configuration list for PBXNativeTarget "sdkbox_func_test_cpp Mac" */ = {
			isa = XCConfigurationList;
			buildConfigurations = (
				5087E76D17EB910900C73F5D /* Debug */,
				5087E76E17EB910900C73F5D /* Release */,
			);
			defaultConfigurationIsVisible = 0;
			defaultConfigurationName = Debug;
		};
		C01FCF4E08A954540054247B /* Build configuration list for PBXProject "sdkbox_func_test_cpp" */ = {
			isa = XCConfigurationList;
			buildConfigurations = (
				C01FCF4F08A954540054247B /* Debug */,
				C01FCF5008A954540054247B /* Release */,
			);
			defaultConfigurationIsVisible = 0;
			defaultConfigurationName = Debug;
		};
/* End XCConfigurationList section */
	};
	rootObject = 29B97313FDCFA39411CA2CEA /* Project object */;
}
